
Microsoft Visual Studio Solution File, Format Version 12.00
# Visual Studio Version 17
VisualStudioVersion = 17.5.002.0
MinimumVisualStudioVersion = 10.0.40219.1
Project("{9A19103F-16F7-4668-BE54-9A1E7A4F7556}") = "Immovable.cs", "Immovable.cs.csproj", "{28444482-95E4-449A-97FF-35FA5FC3538B}"
EndProject
Global
	GlobalSection(SolutionConfigurationPlatforms) = preSolution
		Debug|Any CPU = Debug|Any CPU
		Release|Any CPU = Release|Any CPU
	EndGlobalSection
	GlobalSection(ProjectConfigurationPlatforms) = postSolution
		{28444482-95E4-449A-97FF-35FA5FC3538B}.Debug|Any CPU.ActiveCfg = Debug|Any CPU
		{28444482-95E4-449A-97FF-35FA5FC3538B}.Debug|Any CPU.Build.0 = Debug|Any CPU
		{28444482-95E4-449A-97FF-35FA5FC3538B}.Release|Any CPU.ActiveCfg = Release|Any CPU
		{28444482-95E4-449A-97FF-35FA5FC3538B}.Release|Any CPU.Build.0 = Release|Any CPU
	EndGlobalSection
	GlobalSection(SolutionProperties) = preSolution
		HideSolutionNode = FALSE
	EndGlobalSection
	GlobalSection(ExtensibilityGlobals) = postSolution
		SolutionGuid = {F9D59F2F-60EE-4C49-A3AA-17D429A8864E}
	EndGlobalSection
EndGlobal
